// !$*UTF8*$!
{
	archiveVersion = 1;
	classes = {
	};
	objectVersion = 55;
	objects = {

/* Begin PBXBuildFile section */
		1D37400658FAA0BFFD32F331 /* Pods_Schedule.framework in Frameworks */ = {isa = PBXBuildFile; fileRef = EDD0F14B7786CC0428B58799 /* Pods_Schedule.framework */; };
		78B637E61AC5D2659BF444BD /* Pods_Schedule_ScheduleUITests.framework in Frameworks */ = {isa = PBXBuildFile; fileRef = 01BEB4B8F2F89B3BB18B11D0 /* Pods_Schedule_ScheduleUITests.framework */; };
		BB1FDCCA27AB221E005A352A /* ContactModel.swift in Sources */ = {isa = PBXBuildFile; fileRef = BB1FDCC927AB221E005A352A /* ContactModel.swift */; };
		BB498CEE27A4400800F3009F /* AlertDate.swift in Sources */ = {isa = PBXBuildFile; fileRef = BB498CED27A4400800F3009F /* AlertDate.swift */; };
		BB498CF027A45F3B00F3009F /* AlertTime.swift in Sources */ = {isa = PBXBuildFile; fileRef = BB498CEF27A45F3B00F3009F /* AlertTime.swift */; };
		BB498CF227A460D200F3009F /* AlertForCellName.swift in Sources */ = {isa = PBXBuildFile; fileRef = BB498CF127A460D200F3009F /* AlertForCellName.swift */; };
		BB498CF427A4636300F3009F /* ScheduleColorsTableViewController.swift in Sources */ = {isa = PBXBuildFile; fileRef = BB498CF327A4636300F3009F /* ScheduleColorsTableViewController.swift */; };
		BB498CF627A463AE00F3009F /* TeachersTableViewController.swift in Sources */ = {isa = PBXBuildFile; fileRef = BB498CF527A463AE00F3009F /* TeachersTableViewController.swift */; };
		BB6E73C1279C5B700013CC33 /* AppDelegate.swift in Sources */ = {isa = PBXBuildFile; fileRef = BB6E73C0279C5B700013CC33 /* AppDelegate.swift */; };
		BB6E73C3279C5B700013CC33 /* SceneDelegate.swift in Sources */ = {isa = PBXBuildFile; fileRef = BB6E73C2279C5B700013CC33 /* SceneDelegate.swift */; };
		BB6E73C5279C5B700013CC33 /* MainTabBarController.swift in Sources */ = {isa = PBXBuildFile; fileRef = BB6E73C4279C5B700013CC33 /* MainTabBarController.swift */; };
		BB6E73CA279C5B710013CC33 /* Assets.xcassets in Resources */ = {isa = PBXBuildFile; fileRef = BB6E73C9279C5B710013CC33 /* Assets.xcassets */; };
		BB6E73CD279C5B710013CC33 /* LaunchScreen.storyboard in Resources */ = {isa = PBXBuildFile; fileRef = BB6E73CB279C5B710013CC33 /* LaunchScreen.storyboard */; };
		BB6E73D8279C5B710013CC33 /* ScheduleTests.swift in Sources */ = {isa = PBXBuildFile; fileRef = BB6E73D7279C5B710013CC33 /* ScheduleTests.swift */; };
		BB6E73E2279C5B710013CC33 /* ScheduleUITests.swift in Sources */ = {isa = PBXBuildFile; fileRef = BB6E73E1279C5B710013CC33 /* ScheduleUITests.swift */; };
		BB6E73E4279C5B710013CC33 /* ScheduleUITestsLaunchTests.swift in Sources */ = {isa = PBXBuildFile; fileRef = BB6E73E3279C5B710013CC33 /* ScheduleUITestsLaunchTests.swift */; };
		BB70FCA227A430D300FE399D /* OptionsTableViewCell.swift in Sources */ = {isa = PBXBuildFile; fileRef = BB70FCA127A430D300FE399D /* OptionsTableViewCell.swift */; };
		BB70FCA727A4358300FE399D /* HeaderOptionsTableViewCell.swift in Sources */ = {isa = PBXBuildFile; fileRef = BB70FCA627A4358300FE399D /* HeaderOptionsTableViewCell.swift */; };
		BB773B9127A3FD1E0062CD34 /* TasksTableViewCell.swift in Sources */ = {isa = PBXBuildFile; fileRef = BB773B9027A3FD1E0062CD34 /* TasksTableViewCell.swift */; };
		BB773B9427A427870062CD34 /* PressButtonProtocols.swift in Sources */ = {isa = PBXBuildFile; fileRef = BB773B9327A427870062CD34 /* PressButtonProtocols.swift */; };
		BB773B9627A42B280062CD34 /* ScheduleOptionsTableViewController.swift in Sources */ = {isa = PBXBuildFile; fileRef = BB773B9527A42B280062CD34 /* ScheduleOptionsTableViewController.swift */; };
		BB964F7A27A9C7BB00688ED2 /* ScheduleModel.swift in Sources */ = {isa = PBXBuildFile; fileRef = BB964F7927A9C7BB00688ED2 /* ScheduleModel.swift */; };
		BB964F7D27A9C9B600688ED2 /* RealmManager.swift in Sources */ = {isa = PBXBuildFile; fileRef = BB964F7C27A9C9B600688ED2 /* RealmManager.swift */; };
		BB964F7F27A9D90200688ED2 /* UIColor.swift in Sources */ = {isa = PBXBuildFile; fileRef = BB964F7E27A9D90200688ED2 /* UIColor.swift */; };
		BBA2E9A227AADFEE00ACA2D4 /* AlertOK.swift in Sources */ = {isa = PBXBuildFile; fileRef = BBA2E9A127AADFEE00ACA2D4 /* AlertOK.swift */; };
		BBA2E9A427AB07AB00ACA2D4 /* TaskModel.swift in Sources */ = {isa = PBXBuildFile; fileRef = BBA2E9A327AB07AB00ACA2D4 /* TaskModel.swift */; };
		BBB81C30279C63A100E5442A /* ScheduleTableViewCell.swift in Sources */ = {isa = PBXBuildFile; fileRef = BBB81C2F279C63A100E5442A /* ScheduleTableViewCell.swift */; };
		BBB81C35279C6B3D00E5442A /* UIStackView.swift in Sources */ = {isa = PBXBuildFile; fileRef = BBB81C34279C6B3D00E5442A /* UIStackView.swift */; };
		BBB81C37279C73AD00E5442A /* UILabel.swift in Sources */ = {isa = PBXBuildFile; fileRef = BBB81C36279C73AD00E5442A /* UILabel.swift */; };
		BBB81C3A279C770800E5442A /* UIFont.swift in Sources */ = {isa = PBXBuildFile; fileRef = BBB81C39279C770800E5442A /* UIFont.swift */; };
		BBC32E4927A873A9003D5A54 /* ContactsTableViewCell.swift in Sources */ = {isa = PBXBuildFile; fileRef = BBC32E4827A873A9003D5A54 /* ContactsTableViewCell.swift */; };
		BBC32E4B27A87AD7003D5A54 /* ContactsOptionsTableViewController.swift in Sources */ = {isa = PBXBuildFile; fileRef = BBC32E4A27A87AD7003D5A54 /* ContactsOptionsTableViewController.swift */; };
		BBD9C04F27A9B13C00B24737 /* AlertFriendOrTeacher.swift in Sources */ = {isa = PBXBuildFile; fileRef = BBD9C04E27A9B13C00B24737 /* AlertFriendOrTeacher.swift */; };
		BBD9C05127A9B78200B24737 /* AlertPhotoCamera.swift in Sources */ = {isa = PBXBuildFile; fileRef = BBD9C05027A9B78200B24737 /* AlertPhotoCamera.swift */; };
		BBECC3BF27A8637A00F16BAA /* ColorsTableViewCell.swift in Sources */ = {isa = PBXBuildFile; fileRef = BBECC3BE27A8637A00F16BAA /* ColorsTableViewCell.swift */; };
		BBECC3C327A867F900F16BAA /* TasksOptionsTableViewController.swift in Sources */ = {isa = PBXBuildFile; fileRef = BBECC3C227A867F900F16BAA /* TasksOptionsTableViewController.swift */; };
		BBECC3C727A86CFC00F16BAA /* TasksColorsTableViewController.swift in Sources */ = {isa = PBXBuildFile; fileRef = BBECC3C627A86CFC00F16BAA /* TasksColorsTableViewController.swift */; };
		BBFD29E6279C5EF600CDA924 /* ScheduleViewController.swift in Sources */ = {isa = PBXBuildFile; fileRef = BBFD29E5279C5EF600CDA924 /* ScheduleViewController.swift */; };
		BBFD29E8279C5F1300CDA924 /* TasksViewController.swift in Sources */ = {isa = PBXBuildFile; fileRef = BBFD29E7279C5F1300CDA924 /* TasksViewController.swift */; };
		BBFD29EA279C5F5400CDA924 /* ContactsViewController.swift in Sources */ = {isa = PBXBuildFile; fileRef = BBFD29E9279C5F5400CDA924 /* ContactsViewController.swift */; };
		ECE320218C29A593316E0A6E /* Pods_ScheduleTests.framework in Frameworks */ = {isa = PBXBuildFile; fileRef = FE6A8D51BE166F7C5DFC7590 /* Pods_ScheduleTests.framework */; };
/* End PBXBuildFile section */

/* Begin PBXContainerItemProxy section */
		BB6E73D4279C5B710013CC33 /* PBXContainerItemProxy */ = {
			isa = PBXContainerItemProxy;
			containerPortal = BB6E73B5279C5B700013CC33 /* Project object */;
			proxyType = 1;
			remoteGlobalIDString = BB6E73BC279C5B700013CC33;
			remoteInfo = Schedule;
		};
		BB6E73DE279C5B710013CC33 /* PBXContainerItemProxy */ = {
			isa = PBXContainerItemProxy;
			containerPortal = BB6E73B5279C5B700013CC33 /* Project object */;
			proxyType = 1;
			remoteGlobalIDString = BB6E73BC279C5B700013CC33;
			remoteInfo = Schedule;
		};
/* End PBXContainerItemProxy section */

/* Begin PBXFileReference section */
		01BEB4B8F2F89B3BB18B11D0 /* Pods_Schedule_ScheduleUITests.framework */ = {isa = PBXFileReference; explicitFileType = wrapper.framework; includeInIndex = 0; path = Pods_Schedule_ScheduleUITests.framework; sourceTree = BUILT_PRODUCTS_DIR; };
		6E07E59EEFAA3BC08F1FDE6E /* Pods-ScheduleTests.debug.xcconfig */ = {isa = PBXFileReference; includeInIndex = 1; lastKnownFileType = text.xcconfig; name = "Pods-ScheduleTests.debug.xcconfig"; path = "Target Support Files/Pods-ScheduleTests/Pods-ScheduleTests.debug.xcconfig"; sourceTree = "<group>"; };
		7EA33C269EF88A1A45F75075 /* Pods-Schedule-ScheduleUITests.release.xcconfig */ = {isa = PBXFileReference; includeInIndex = 1; lastKnownFileType = text.xcconfig; name = "Pods-Schedule-ScheduleUITests.release.xcconfig"; path = "Target Support Files/Pods-Schedule-ScheduleUITests/Pods-Schedule-ScheduleUITests.release.xcconfig"; sourceTree = "<group>"; };
		81162352CB9D44002793BB5F /* Pods-ScheduleTests.release.xcconfig */ = {isa = PBXFileReference; includeInIndex = 1; lastKnownFileType = text.xcconfig; name = "Pods-ScheduleTests.release.xcconfig"; path = "Target Support Files/Pods-ScheduleTests/Pods-ScheduleTests.release.xcconfig"; sourceTree = "<group>"; };
		8F643F4BBA23BCC458963D5A /* Pods-Schedule.debug.xcconfig */ = {isa = PBXFileReference; includeInIndex = 1; lastKnownFileType = text.xcconfig; name = "Pods-Schedule.debug.xcconfig"; path = "Target Support Files/Pods-Schedule/Pods-Schedule.debug.xcconfig"; sourceTree = "<group>"; };
		97F18A7D496EBDC5892DBFEF /* Pods-Schedule.release.xcconfig */ = {isa = PBXFileReference; includeInIndex = 1; lastKnownFileType = text.xcconfig; name = "Pods-Schedule.release.xcconfig"; path = "Target Support Files/Pods-Schedule/Pods-Schedule.release.xcconfig"; sourceTree = "<group>"; };
		A2B8686F63228B768FFAAAF0 /* Pods-Schedule-ScheduleUITests.debug.xcconfig */ = {isa = PBXFileReference; includeInIndex = 1; lastKnownFileType = text.xcconfig; name = "Pods-Schedule-ScheduleUITests.debug.xcconfig"; path = "Target Support Files/Pods-Schedule-ScheduleUITests/Pods-Schedule-ScheduleUITests.debug.xcconfig"; sourceTree = "<group>"; };
		BB1FDCC927AB221E005A352A /* ContactModel.swift */ = {isa = PBXFileReference; lastKnownFileType = sourcecode.swift; path = ContactModel.swift; sourceTree = "<group>"; };
		BB498CED27A4400800F3009F /* AlertDate.swift */ = {isa = PBXFileReference; lastKnownFileType = sourcecode.swift; path = AlertDate.swift; sourceTree = "<group>"; };
		BB498CEF27A45F3B00F3009F /* AlertTime.swift */ = {isa = PBXFileReference; lastKnownFileType = sourcecode.swift; path = AlertTime.swift; sourceTree = "<group>"; };
		BB498CF127A460D200F3009F /* AlertForCellName.swift */ = {isa = PBXFileReference; lastKnownFileType = sourcecode.swift; path = AlertForCellName.swift; sourceTree = "<group>"; };
		BB498CF327A4636300F3009F /* ScheduleColorsTableViewController.swift */ = {isa = PBXFileReference; lastKnownFileType = sourcecode.swift; path = ScheduleColorsTableViewController.swift; sourceTree = "<group>"; };
		BB498CF527A463AE00F3009F /* TeachersTableViewController.swift */ = {isa = PBXFileReference; lastKnownFileType = sourcecode.swift; path = TeachersTableViewController.swift; sourceTree = "<group>"; };
		BB6E73BD279C5B700013CC33 /* Schedule.app */ = {isa = PBXFileReference; explicitFileType = wrapper.application; includeInIndex = 0; path = Schedule.app; sourceTree = BUILT_PRODUCTS_DIR; };
		BB6E73C0279C5B700013CC33 /* AppDelegate.swift */ = {isa = PBXFileReference; lastKnownFileType = sourcecode.swift; path = AppDelegate.swift; sourceTree = "<group>"; };
		BB6E73C2279C5B700013CC33 /* SceneDelegate.swift */ = {isa = PBXFileReference; lastKnownFileType = sourcecode.swift; path = SceneDelegate.swift; sourceTree = "<group>"; };
		BB6E73C4279C5B700013CC33 /* MainTabBarController.swift */ = {isa = PBXFileReference; lastKnownFileType = sourcecode.swift; path = MainTabBarController.swift; sourceTree = "<group>"; };
		BB6E73C9279C5B710013CC33 /* Assets.xcassets */ = {isa = PBXFileReference; lastKnownFileType = folder.assetcatalog; path = Assets.xcassets; sourceTree = "<group>"; };
		BB6E73CC279C5B710013CC33 /* Base */ = {isa = PBXFileReference; lastKnownFileType = file.storyboard; name = Base; path = Base.lproj/LaunchScreen.storyboard; sourceTree = "<group>"; };
		BB6E73CE279C5B710013CC33 /* Info.plist */ = {isa = PBXFileReference; lastKnownFileType = text.plist.xml; path = Info.plist; sourceTree = "<group>"; };
		BB6E73D3279C5B710013CC33 /* ScheduleTests.xctest */ = {isa = PBXFileReference; explicitFileType = wrapper.cfbundle; includeInIndex = 0; path = ScheduleTests.xctest; sourceTree = BUILT_PRODUCTS_DIR; };
		BB6E73D7279C5B710013CC33 /* ScheduleTests.swift */ = {isa = PBXFileReference; lastKnownFileType = sourcecode.swift; path = ScheduleTests.swift; sourceTree = "<group>"; };
		BB6E73DD279C5B710013CC33 /* ScheduleUITests.xctest */ = {isa = PBXFileReference; explicitFileType = wrapper.cfbundle; includeInIndex = 0; path = ScheduleUITests.xctest; sourceTree = BUILT_PRODUCTS_DIR; };
		BB6E73E1279C5B710013CC33 /* ScheduleUITests.swift */ = {isa = PBXFileReference; lastKnownFileType = sourcecode.swift; path = ScheduleUITests.swift; sourceTree = "<group>"; };
		BB6E73E3279C5B710013CC33 /* ScheduleUITestsLaunchTests.swift */ = {isa = PBXFileReference; lastKnownFileType = sourcecode.swift; path = ScheduleUITestsLaunchTests.swift; sourceTree = "<group>"; };
		BB70FCA127A430D300FE399D /* OptionsTableViewCell.swift */ = {isa = PBXFileReference; lastKnownFileType = sourcecode.swift; path = OptionsTableViewCell.swift; sourceTree = "<group>"; };
		BB70FCA627A4358300FE399D /* HeaderOptionsTableViewCell.swift */ = {isa = PBXFileReference; lastKnownFileType = sourcecode.swift; path = HeaderOptionsTableViewCell.swift; sourceTree = "<group>"; };
		BB773B9027A3FD1E0062CD34 /* TasksTableViewCell.swift */ = {isa = PBXFileReference; lastKnownFileType = sourcecode.swift; path = TasksTableViewCell.swift; sourceTree = "<group>"; };
		BB773B9327A427870062CD34 /* PressButtonProtocols.swift */ = {isa = PBXFileReference; lastKnownFileType = sourcecode.swift; path = PressButtonProtocols.swift; sourceTree = "<group>"; };
		BB773B9527A42B280062CD34 /* ScheduleOptionsTableViewController.swift */ = {isa = PBXFileReference; lastKnownFileType = sourcecode.swift; path = ScheduleOptionsTableViewController.swift; sourceTree = "<group>"; };
		BB964F7927A9C7BB00688ED2 /* ScheduleModel.swift */ = {isa = PBXFileReference; lastKnownFileType = sourcecode.swift; path = ScheduleModel.swift; sourceTree = "<group>"; };
		BB964F7C27A9C9B600688ED2 /* RealmManager.swift */ = {isa = PBXFileReference; lastKnownFileType = sourcecode.swift; path = RealmManager.swift; sourceTree = "<group>"; };
		BB964F7E27A9D90200688ED2 /* UIColor.swift */ = {isa = PBXFileReference; lastKnownFileType = sourcecode.swift; path = UIColor.swift; sourceTree = "<group>"; };
		BBA2E9A127AADFEE00ACA2D4 /* AlertOK.swift */ = {isa = PBXFileReference; lastKnownFileType = sourcecode.swift; path = AlertOK.swift; sourceTree = "<group>"; };
		BBA2E9A327AB07AB00ACA2D4 /* TaskModel.swift */ = {isa = PBXFileReference; lastKnownFileType = sourcecode.swift; path = TaskModel.swift; sourceTree = "<group>"; };
		BBB81C2F279C63A100E5442A /* ScheduleTableViewCell.swift */ = {isa = PBXFileReference; lastKnownFileType = sourcecode.swift; path = ScheduleTableViewCell.swift; sourceTree = "<group>"; };
		BBB81C34279C6B3D00E5442A /* UIStackView.swift */ = {isa = PBXFileReference; lastKnownFileType = sourcecode.swift; path = UIStackView.swift; sourceTree = "<group>"; };
		BBB81C36279C73AD00E5442A /* UILabel.swift */ = {isa = PBXFileReference; lastKnownFileType = sourcecode.swift; path = UILabel.swift; sourceTree = "<group>"; };
		BBB81C39279C770800E5442A /* UIFont.swift */ = {isa = PBXFileReference; lastKnownFileType = sourcecode.swift; path = UIFont.swift; sourceTree = "<group>"; };
		BBC32E4827A873A9003D5A54 /* ContactsTableViewCell.swift */ = {isa = PBXFileReference; lastKnownFileType = sourcecode.swift; path = ContactsTableViewCell.swift; sourceTree = "<group>"; };
		BBC32E4A27A87AD7003D5A54 /* ContactsOptionsTableViewController.swift */ = {isa = PBXFileReference; lastKnownFileType = sourcecode.swift; path = ContactsOptionsTableViewController.swift; sourceTree = "<group>"; };
		BBD9C04E27A9B13C00B24737 /* AlertFriendOrTeacher.swift */ = {isa = PBXFileReference; lastKnownFileType = sourcecode.swift; path = AlertFriendOrTeacher.swift; sourceTree = "<group>"; };
		BBD9C05027A9B78200B24737 /* AlertPhotoCamera.swift */ = {isa = PBXFileReference; lastKnownFileType = sourcecode.swift; path = AlertPhotoCamera.swift; sourceTree = "<group>"; };
		BBECC3BE27A8637A00F16BAA /* ColorsTableViewCell.swift */ = {isa = PBXFileReference; lastKnownFileType = sourcecode.swift; path = ColorsTableViewCell.swift; sourceTree = "<group>"; };
		BBECC3C227A867F900F16BAA /* TasksOptionsTableViewController.swift */ = {isa = PBXFileReference; lastKnownFileType = sourcecode.swift; path = TasksOptionsTableViewController.swift; sourceTree = "<group>"; };
		BBECC3C627A86CFC00F16BAA /* TasksColorsTableViewController.swift */ = {isa = PBXFileReference; lastKnownFileType = sourcecode.swift; path = TasksColorsTableViewController.swift; sourceTree = "<group>"; };
		BBFD29E5279C5EF600CDA924 /* ScheduleViewController.swift */ = {isa = PBXFileReference; lastKnownFileType = sourcecode.swift; path = ScheduleViewController.swift; sourceTree = "<group>"; };
		BBFD29E7279C5F1300CDA924 /* TasksViewController.swift */ = {isa = PBXFileReference; lastKnownFileType = sourcecode.swift; path = TasksViewController.swift; sourceTree = "<group>"; };
		BBFD29E9279C5F5400CDA924 /* ContactsViewController.swift */ = {isa = PBXFileReference; lastKnownFileType = sourcecode.swift; path = ContactsViewController.swift; sourceTree = "<group>"; };
		EDD0F14B7786CC0428B58799 /* Pods_Schedule.framework */ = {isa = PBXFileReference; explicitFileType = wrapper.framework; includeInIndex = 0; path = Pods_Schedule.framework; sourceTree = BUILT_PRODUCTS_DIR; };
		FE6A8D51BE166F7C5DFC7590 /* Pods_ScheduleTests.framework */ = {isa = PBXFileReference; explicitFileType = wrapper.framework; includeInIndex = 0; path = Pods_ScheduleTests.framework; sourceTree = BUILT_PRODUCTS_DIR; };
/* End PBXFileReference section */

/* Begin PBXFrameworksBuildPhase section */
		BB6E73BA279C5B700013CC33 /* Frameworks */ = {
			isa = PBXFrameworksBuildPhase;
			buildActionMask = 2147483647;
			files = (
				1D37400658FAA0BFFD32F331 /* Pods_Schedule.framework in Frameworks */,
			);
			runOnlyForDeploymentPostprocessing = 0;
		};
		BB6E73D0279C5B710013CC33 /* Frameworks */ = {
			isa = PBXFrameworksBuildPhase;
			buildActionMask = 2147483647;
			files = (
				ECE320218C29A593316E0A6E /* Pods_ScheduleTests.framework in Frameworks */,
			);
			runOnlyForDeploymentPostprocessing = 0;
		};
		BB6E73DA279C5B710013CC33 /* Frameworks */ = {
			isa = PBXFrameworksBuildPhase;
			buildActionMask = 2147483647;
			files = (
				78B637E61AC5D2659BF444BD /* Pods_Schedule_ScheduleUITests.framework in Frameworks */,
			);
			runOnlyForDeploymentPostprocessing = 0;
		};
/* End PBXFrameworksBuildPhase section */

/* Begin PBXGroup section */
		A3E1A2124D92625474C6ED64 /* Pods */ = {
			isa = PBXGroup;
			children = (
				8F643F4BBA23BCC458963D5A /* Pods-Schedule.debug.xcconfig */,
				97F18A7D496EBDC5892DBFEF /* Pods-Schedule.release.xcconfig */,
				A2B8686F63228B768FFAAAF0 /* Pods-Schedule-ScheduleUITests.debug.xcconfig */,
				7EA33C269EF88A1A45F75075 /* Pods-Schedule-ScheduleUITests.release.xcconfig */,
				6E07E59EEFAA3BC08F1FDE6E /* Pods-ScheduleTests.debug.xcconfig */,
				81162352CB9D44002793BB5F /* Pods-ScheduleTests.release.xcconfig */,
			);
			path = Pods;
			sourceTree = "<group>";
		};
		BB6E73B4279C5B700013CC33 = {
			isa = PBXGroup;
			children = (
				BB6E73BF279C5B700013CC33 /* Schedule */,
				BB6E73D6279C5B710013CC33 /* ScheduleTests */,
				BB6E73E0279C5B710013CC33 /* ScheduleUITests */,
				BB6E73BE279C5B700013CC33 /* Products */,
				A3E1A2124D92625474C6ED64 /* Pods */,
				EA53393E6DA1C797DF9710CA /* Frameworks */,
			);
			sourceTree = "<group>";
		};
		BB6E73BE279C5B700013CC33 /* Products */ = {
			isa = PBXGroup;
			children = (
				BB6E73BD279C5B700013CC33 /* Schedule.app */,
				BB6E73D3279C5B710013CC33 /* ScheduleTests.xctest */,
				BB6E73DD279C5B710013CC33 /* ScheduleUITests.xctest */,
			);
			name = Products;
			sourceTree = "<group>";
		};
		BB6E73BF279C5B700013CC33 /* Schedule */ = {
			isa = PBXGroup;
			children = (
				BB6E73F0279C5C6D0013CC33 /* Application */,
				BB6E73F1279C5C800013CC33 /* Controllers */,
				BBB81C2D279C636100E5442A /* Models */,
				BB964F7B27A9C98C00688ED2 /* Services */,
				BBB81C31279C6B0600E5442A /* Extensions */,
				BB773B9227A4274E0062CD34 /* Protocols */,
				BB6E73F2279C5C930013CC33 /* Resources */,
			);
			path = Schedule;
			sourceTree = "<group>";
		};
		BB6E73D6279C5B710013CC33 /* ScheduleTests */ = {
			isa = PBXGroup;
			children = (
				BB6E73D7279C5B710013CC33 /* ScheduleTests.swift */,
			);
			path = ScheduleTests;
			sourceTree = "<group>";
		};
		BB6E73E0279C5B710013CC33 /* ScheduleUITests */ = {
			isa = PBXGroup;
			children = (
				BB6E73E1279C5B710013CC33 /* ScheduleUITests.swift */,
				BB6E73E3279C5B710013CC33 /* ScheduleUITestsLaunchTests.swift */,
			);
			path = ScheduleUITests;
			sourceTree = "<group>";
		};
		BB6E73F0279C5C6D0013CC33 /* Application */ = {
			isa = PBXGroup;
			children = (
				BB6E73C0279C5B700013CC33 /* AppDelegate.swift */,
				BB6E73C2279C5B700013CC33 /* SceneDelegate.swift */,
			);
			path = Application;
			sourceTree = "<group>";
		};
		BB6E73F1279C5C800013CC33 /* Controllers */ = {
			isa = PBXGroup;
			children = (
				BB6E73C4279C5B700013CC33 /* MainTabBarController.swift */,
				BB773B9727A42B400062CD34 /* Schedule */,
				BB773B9827A42B6A0062CD34 /* Tasks */,
				BB773B9927A42B800062CD34 /* Contacts */,
			);
			path = Controllers;
			sourceTree = "<group>";
		};
		BB6E73F2279C5C930013CC33 /* Resources */ = {
			isa = PBXGroup;
			children = (
				BB6E73C9279C5B710013CC33 /* Assets.xcassets */,
				BB6E73CB279C5B710013CC33 /* LaunchScreen.storyboard */,
				BB6E73CE279C5B710013CC33 /* Info.plist */,
			);
			path = Resources;
			sourceTree = "<group>";
		};
		BB70FC9E27A4307800FE399D /* Schedule */ = {
			isa = PBXGroup;
			children = (
				BBB81C2F279C63A100E5442A /* ScheduleTableViewCell.swift */,
			);
			path = Schedule;
			sourceTree = "<group>";
		};
		BB70FC9F27A4308200FE399D /* Tasks */ = {
			isa = PBXGroup;
			children = (
				BB773B9027A3FD1E0062CD34 /* TasksTableViewCell.swift */,
			);
			path = Tasks;
			sourceTree = "<group>";
		};
		BB70FCA027A4309000FE399D /* Contacts */ = {
			isa = PBXGroup;
			children = (
				BBC32E4827A873A9003D5A54 /* ContactsTableViewCell.swift */,
			);
			path = Contacts;
			sourceTree = "<group>";
		};
		BB70FCA827A43FC300FE399D /* Alert */ = {
			isa = PBXGroup;
			children = (
				BB498CED27A4400800F3009F /* AlertDate.swift */,
				BB498CEF27A45F3B00F3009F /* AlertTime.swift */,
				BB498CF127A460D200F3009F /* AlertForCellName.swift */,
				BBD9C04E27A9B13C00B24737 /* AlertFriendOrTeacher.swift */,
				BBD9C05027A9B78200B24737 /* AlertPhotoCamera.swift */,
				BBA2E9A127AADFEE00ACA2D4 /* AlertOK.swift */,
			);
			path = Alert;
			sourceTree = "<group>";
		};
		BB773B9227A4274E0062CD34 /* Protocols */ = {
			isa = PBXGroup;
			children = (
				BB773B9327A427870062CD34 /* PressButtonProtocols.swift */,
			);
			path = Protocols;
			sourceTree = "<group>";
		};
		BB773B9727A42B400062CD34 /* Schedule */ = {
			isa = PBXGroup;
			children = (
				BBFD29E5279C5EF600CDA924 /* ScheduleViewController.swift */,
				BB773B9527A42B280062CD34 /* ScheduleOptionsTableViewController.swift */,
				BB498CF327A4636300F3009F /* ScheduleColorsTableViewController.swift */,
			);
			path = Schedule;
			sourceTree = "<group>";
		};
		BB773B9827A42B6A0062CD34 /* Tasks */ = {
			isa = PBXGroup;
			children = (
				BBFD29E7279C5F1300CDA924 /* TasksViewController.swift */,
				BBECC3C227A867F900F16BAA /* TasksOptionsTableViewController.swift */,
				BBECC3C627A86CFC00F16BAA /* TasksColorsTableViewController.swift */,
			);
			path = Tasks;
			sourceTree = "<group>";
		};
		BB773B9927A42B800062CD34 /* Contacts */ = {
			isa = PBXGroup;
			children = (
				BBFD29E9279C5F5400CDA924 /* ContactsViewController.swift */,
				BBC32E4A27A87AD7003D5A54 /* ContactsOptionsTableViewController.swift */,
				BB498CF527A463AE00F3009F /* TeachersTableViewController.swift */,
			);
			path = Contacts;
			sourceTree = "<group>";
		};
		BB964F7827A9C5C200688ED2 /* Realm */ = {
			isa = PBXGroup;
			children = (
				BB964F7927A9C7BB00688ED2 /* ScheduleModel.swift */,
				BBA2E9A327AB07AB00ACA2D4 /* TaskModel.swift */,
				BB1FDCC927AB221E005A352A /* ContactModel.swift */,
			);
			path = Realm;
			sourceTree = "<group>";
		};
		BB964F7B27A9C98C00688ED2 /* Services */ = {
			isa = PBXGroup;
			children = (
				BB964F7C27A9C9B600688ED2 /* RealmManager.swift */,
			);
			path = Services;
			sourceTree = "<group>";
		};
		BBB81C2D279C636100E5442A /* Models */ = {
			isa = PBXGroup;
			children = (
				BB964F7827A9C5C200688ED2 /* Realm */,
				BB70FCA827A43FC300FE399D /* Alert */,
				BBB81C2E279C637000E5442A /* Cell */,
			);
			path = Models;
			sourceTree = "<group>";
		};
		BBB81C2E279C637000E5442A /* Cell */ = {
			isa = PBXGroup;
			children = (
				BB70FCA627A4358300FE399D /* HeaderOptionsTableViewCell.swift */,
				BBECC3BE27A8637A00F16BAA /* ColorsTableViewCell.swift */,
				BB70FCA127A430D300FE399D /* OptionsTableViewCell.swift */,
				BB70FC9E27A4307800FE399D /* Schedule */,
				BB70FC9F27A4308200FE399D /* Tasks */,
				BB70FCA027A4309000FE399D /* Contacts */,
			);
			path = Cell;
			sourceTree = "<group>";
		};
		BBB81C31279C6B0600E5442A /* Extensions */ = {
			isa = PBXGroup;
			children = (
				BBB81C32279C6B1B00E5442A /* UIKit */,
			);
			path = Extensions;
			sourceTree = "<group>";
		};
		BBB81C32279C6B1B00E5442A /* UIKit */ = {
			isa = PBXGroup;
			children = (
				BBB81C34279C6B3D00E5442A /* UIStackView.swift */,
				BBB81C36279C73AD00E5442A /* UILabel.swift */,
				BBB81C39279C770800E5442A /* UIFont.swift */,
				BB964F7E27A9D90200688ED2 /* UIColor.swift */,
			);
			path = UIKit;
			sourceTree = "<group>";
		};
		EA53393E6DA1C797DF9710CA /* Frameworks */ = {
			isa = PBXGroup;
			children = (
				EDD0F14B7786CC0428B58799 /* Pods_Schedule.framework */,
				01BEB4B8F2F89B3BB18B11D0 /* Pods_Schedule_ScheduleUITests.framework */,
				FE6A8D51BE166F7C5DFC7590 /* Pods_ScheduleTests.framework */,
			);
			name = Frameworks;
			sourceTree = "<group>";
		};
/* End PBXGroup section */

/* Begin PBXNativeTarget section */
		BB6E73BC279C5B700013CC33 /* Schedule */ = {
			isa = PBXNativeTarget;
			buildConfigurationList = BB6E73E7279C5B710013CC33 /* Build configuration list for PBXNativeTarget "Schedule" */;
			buildPhases = (
				754C0E36482F66E2109290B4 /* [CP] Check Pods Manifest.lock */,
				BB6E73B9279C5B700013CC33 /* Sources */,
				BB6E73BA279C5B700013CC33 /* Frameworks */,
				BB6E73BB279C5B700013CC33 /* Resources */,
				0252B4517F8BB68865465C35 /* [CP] Embed Pods Frameworks */,
			);
			buildRules = (
			);
			dependencies = (
			);
			name = Schedule;
			productName = Schedule;
			productReference = BB6E73BD279C5B700013CC33 /* Schedule.app */;
			productType = "com.apple.product-type.application";
		};
		BB6E73D2279C5B710013CC33 /* ScheduleTests */ = {
			isa = PBXNativeTarget;
			buildConfigurationList = BB6E73EA279C5B710013CC33 /* Build configuration list for PBXNativeTarget "ScheduleTests" */;
			buildPhases = (
				89C7F0F2AAAEE8C044283EAC /* [CP] Check Pods Manifest.lock */,
				BB6E73CF279C5B710013CC33 /* Sources */,
				BB6E73D0279C5B710013CC33 /* Frameworks */,
				BB6E73D1279C5B710013CC33 /* Resources */,
			);
			buildRules = (
			);
			dependencies = (
				BB6E73D5279C5B710013CC33 /* PBXTargetDependency */,
			);
			name = ScheduleTests;
			productName = ScheduleTests;
			productReference = BB6E73D3279C5B710013CC33 /* ScheduleTests.xctest */;
			productType = "com.apple.product-type.bundle.unit-test";
		};
		BB6E73DC279C5B710013CC33 /* ScheduleUITests */ = {
			isa = PBXNativeTarget;
			buildConfigurationList = BB6E73ED279C5B710013CC33 /* Build configuration list for PBXNativeTarget "ScheduleUITests" */;
			buildPhases = (
				C9D945F428652851BEFC8A80 /* [CP] Check Pods Manifest.lock */,
				BB6E73D9279C5B710013CC33 /* Sources */,
				BB6E73DA279C5B710013CC33 /* Frameworks */,
				BB6E73DB279C5B710013CC33 /* Resources */,
				45BE5A08F2570A5B76C7AD72 /* [CP] Embed Pods Frameworks */,
			);
			buildRules = (
			);
			dependencies = (
				BB6E73DF279C5B710013CC33 /* PBXTargetDependency */,
			);
			name = ScheduleUITests;
			productName = ScheduleUITests;
			productReference = BB6E73DD279C5B710013CC33 /* ScheduleUITests.xctest */;
			productType = "com.apple.product-type.bundle.ui-testing";
		};
/* End PBXNativeTarget section */

/* Begin PBXProject section */
		BB6E73B5279C5B700013CC33 /* Project object */ = {
			isa = PBXProject;
			attributes = {
				BuildIndependentTargetsInParallel = 1;
				LastSwiftUpdateCheck = 1320;
				LastUpgradeCheck = 1320;
				TargetAttributes = {
					BB6E73BC279C5B700013CC33 = {
						CreatedOnToolsVersion = 13.2.1;
					};
					BB6E73D2279C5B710013CC33 = {
						CreatedOnToolsVersion = 13.2.1;
						TestTargetID = BB6E73BC279C5B700013CC33;
					};
					BB6E73DC279C5B710013CC33 = {
						CreatedOnToolsVersion = 13.2.1;
						TestTargetID = BB6E73BC279C5B700013CC33;
					};
				};
			};
			buildConfigurationList = BB6E73B8279C5B700013CC33 /* Build configuration list for PBXProject "Schedule" */;
			compatibilityVersion = "Xcode 13.0";
			developmentRegion = en;
			hasScannedForEncodings = 0;
			knownRegions = (
				en,
				Base,
			);
			mainGroup = BB6E73B4279C5B700013CC33;
			productRefGroup = BB6E73BE279C5B700013CC33 /* Products */;
			projectDirPath = "";
			projectRoot = "";
			targets = (
				BB6E73BC279C5B700013CC33 /* Schedule */,
				BB6E73D2279C5B710013CC33 /* ScheduleTests */,
				BB6E73DC279C5B710013CC33 /* ScheduleUITests */,
			);
		};
/* End PBXProject section */

/* Begin PBXResourcesBuildPhase section */
		BB6E73BB279C5B700013CC33 /* Resources */ = {
			isa = PBXResourcesBuildPhase;
			buildActionMask = 2147483647;
			files = (
				BB6E73CD279C5B710013CC33 /* LaunchScreen.storyboard in Resources */,
				BB6E73CA279C5B710013CC33 /* Assets.xcassets in Resources */,
			);
			runOnlyForDeploymentPostprocessing = 0;
		};
		BB6E73D1279C5B710013CC33 /* Resources */ = {
			isa = PBXResourcesBuildPhase;
			buildActionMask = 2147483647;
			files = (
			);
			runOnlyForDeploymentPostprocessing = 0;
		};
		BB6E73DB279C5B710013CC33 /* Resources */ = {
			isa = PBXResourcesBuildPhase;
			buildActionMask = 2147483647;
			files = (
			);
			runOnlyForDeploymentPostprocessing = 0;
		};
/* End PBXResourcesBuildPhase section */

/* Begin PBXShellScriptBuildPhase section */
		0252B4517F8BB68865465C35 /* [CP] Embed Pods Frameworks */ = {
			isa = PBXShellScriptBuildPhase;
			buildActionMask = 2147483647;
			files = (
			);
			inputFileListPaths = (
				"${PODS_ROOT}/Target Support Files/Pods-Schedule/Pods-Schedule-frameworks-${CONFIGURATION}-input-files.xcfilelist",
			);
			name = "[CP] Embed Pods Frameworks";
			outputFileListPaths = (
				"${PODS_ROOT}/Target Support Files/Pods-Schedule/Pods-Schedule-frameworks-${CONFIGURATION}-output-files.xcfilelist",
			);
			runOnlyForDeploymentPostprocessing = 0;
			shellPath = /bin/sh;
			shellScript = "\"${PODS_ROOT}/Target Support Files/Pods-Schedule/Pods-Schedule-frameworks.sh\"\n";
			showEnvVarsInLog = 0;
		};
		45BE5A08F2570A5B76C7AD72 /* [CP] Embed Pods Frameworks */ = {
			isa = PBXShellScriptBuildPhase;
			buildActionMask = 2147483647;
			files = (
			);
			inputFileListPaths = (
				"${PODS_ROOT}/Target Support Files/Pods-Schedule-ScheduleUITests/Pods-Schedule-ScheduleUITests-frameworks-${CONFIGURATION}-input-files.xcfilelist",
			);
			name = "[CP] Embed Pods Frameworks";
			outputFileListPaths = (
				"${PODS_ROOT}/Target Support Files/Pods-Schedule-ScheduleUITests/Pods-Schedule-ScheduleUITests-frameworks-${CONFIGURATION}-output-files.xcfilelist",
			);
			runOnlyForDeploymentPostprocessing = 0;
			shellPath = /bin/sh;
			shellScript = "\"${PODS_ROOT}/Target Support Files/Pods-Schedule-ScheduleUITests/Pods-Schedule-ScheduleUITests-frameworks.sh\"\n";
			showEnvVarsInLog = 0;
		};
		754C0E36482F66E2109290B4 /* [CP] Check Pods Manifest.lock */ = {
			isa = PBXShellScriptBuildPhase;
			buildActionMask = 2147483647;
			files = (
			);
			inputFileListPaths = (
			);
			inputPaths = (
				"${PODS_PODFILE_DIR_PATH}/Podfile.lock",
				"${PODS_ROOT}/Manifest.lock",
			);
			name = "[CP] Check Pods Manifest.lock";
			outputFileListPaths = (
			);
			outputPaths = (
				"$(DERIVED_FILE_DIR)/Pods-Schedule-checkManifestLockResult.txt",
			);
			runOnlyForDeploymentPostprocessing = 0;
			shellPath = /bin/sh;
			shellScript = "diff \"${PODS_PODFILE_DIR_PATH}/Podfile.lock\" \"${PODS_ROOT}/Manifest.lock\" > /dev/null\nif [ $? != 0 ] ; then\n    # print error to STDERR\n    echo \"error: The sandbox is not in sync with the Podfile.lock. Run 'pod install' or update your CocoaPods installation.\" >&2\n    exit 1\nfi\n# This output is used by Xcode 'outputs' to avoid re-running this script phase.\necho \"SUCCESS\" > \"${SCRIPT_OUTPUT_FILE_0}\"\n";
			showEnvVarsInLog = 0;
		};
		89C7F0F2AAAEE8C044283EAC /* [CP] Check Pods Manifest.lock */ = {
			isa = PBXShellScriptBuildPhase;
			buildActionMask = 2147483647;
			files = (
			);
			inputFileListPaths = (
			);
			inputPaths = (
				"${PODS_PODFILE_DIR_PATH}/Podfile.lock",
				"${PODS_ROOT}/Manifest.lock",
			);
			name = "[CP] Check Pods Manifest.lock";
			outputFileListPaths = (
			);
			outputPaths = (
				"$(DERIVED_FILE_DIR)/Pods-ScheduleTests-checkManifestLockResult.txt",
			);
			runOnlyForDeploymentPostprocessing = 0;
			shellPath = /bin/sh;
			shellScript = "diff \"${PODS_PODFILE_DIR_PATH}/Podfile.lock\" \"${PODS_ROOT}/Manifest.lock\" > /dev/null\nif [ $? != 0 ] ; then\n    # print error to STDERR\n    echo \"error: The sandbox is not in sync with the Podfile.lock. Run 'pod install' or update your CocoaPods installation.\" >&2\n    exit 1\nfi\n# This output is used by Xcode 'outputs' to avoid re-running this script phase.\necho \"SUCCESS\" > \"${SCRIPT_OUTPUT_FILE_0}\"\n";
			showEnvVarsInLog = 0;
		};
		C9D945F428652851BEFC8A80 /* [CP] Check Pods Manifest.lock */ = {
			isa = PBXShellScriptBuildPhase;
			buildActionMask = 2147483647;
			files = (
			);
			inputFileListPaths = (
			);
			inputPaths = (
				"${PODS_PODFILE_DIR_PATH}/Podfile.lock",
				"${PODS_ROOT}/Manifest.lock",
			);
			name = "[CP] Check Pods Manifest.lock";
			outputFileListPaths = (
			);
			outputPaths = (
				"$(DERIVED_FILE_DIR)/Pods-Schedule-ScheduleUITests-checkManifestLockResult.txt",
			);
			runOnlyForDeploymentPostprocessing = 0;
			shellPath = /bin/sh;
			shellScript = "diff \"${PODS_PODFILE_DIR_PATH}/Podfile.lock\" \"${PODS_ROOT}/Manifest.lock\" > /dev/null\nif [ $? != 0 ] ; then\n    # print error to STDERR\n    echo \"error: The sandbox is not in sync with the Podfile.lock. Run 'pod install' or update your CocoaPods installation.\" >&2\n    exit 1\nfi\n# This output is used by Xcode 'outputs' to avoid re-running this script phase.\necho \"SUCCESS\" > \"${SCRIPT_OUTPUT_FILE_0}\"\n";
			showEnvVarsInLog = 0;
		};
/* End PBXShellScriptBuildPhase section */

/* Begin PBXSourcesBuildPhase section */
		BB6E73B9279C5B700013CC33 /* Sources */ = {
			isa = PBXSourcesBuildPhase;
			buildActionMask = 2147483647;
			files = (
				BB498CEE27A4400800F3009F /* AlertDate.swift in Sources */,
				BB6E73C5279C5B700013CC33 /* MainTabBarController.swift in Sources */,
				BBECC3BF27A8637A00F16BAA /* ColorsTableViewCell.swift in Sources */,
				BBB81C30279C63A100E5442A /* ScheduleTableViewCell.swift in Sources */,
				BBD9C04F27A9B13C00B24737 /* AlertFriendOrTeacher.swift in Sources */,
				BBC32E4B27A87AD7003D5A54 /* ContactsOptionsTableViewController.swift in Sources */,
				BB6E73C1279C5B700013CC33 /* AppDelegate.swift in Sources */,
				BBECC3C727A86CFC00F16BAA /* TasksColorsTableViewController.swift in Sources */,
				BB964F7A27A9C7BB00688ED2 /* ScheduleModel.swift in Sources */,
				BBB81C35279C6B3D00E5442A /* UIStackView.swift in Sources */,
				BB498CF627A463AE00F3009F /* TeachersTableViewController.swift in Sources */,
				BBC32E4927A873A9003D5A54 /* ContactsTableViewCell.swift in Sources */,
				BBECC3C327A867F900F16BAA /* TasksOptionsTableViewController.swift in Sources */,
				BBD9C05127A9B78200B24737 /* AlertPhotoCamera.swift in Sources */,
				BBA2E9A427AB07AB00ACA2D4 /* TaskModel.swift in Sources */,
				BB964F7D27A9C9B600688ED2 /* RealmManager.swift in Sources */,
				BB498CF227A460D200F3009F /* AlertForCellName.swift in Sources */,
				BBB81C37279C73AD00E5442A /* UILabel.swift in Sources */,
				BBFD29E8279C5F1300CDA924 /* TasksViewController.swift in Sources */,
				BB6E73C3279C5B700013CC33 /* SceneDelegate.swift in Sources */,
				BB964F7F27A9D90200688ED2 /* UIColor.swift in Sources */,
				BB498CF027A45F3B00F3009F /* AlertTime.swift in Sources */,
				BBFD29E6279C5EF600CDA924 /* ScheduleViewController.swift in Sources */,
				BBB81C3A279C770800E5442A /* UIFont.swift in Sources */,
				BB70FCA727A4358300FE399D /* HeaderOptionsTableViewCell.swift in Sources */,
				BBFD29EA279C5F5400CDA924 /* ContactsViewController.swift in Sources */,
				BB773B9127A3FD1E0062CD34 /* TasksTableViewCell.swift in Sources */,
				BB70FCA227A430D300FE399D /* OptionsTableViewCell.swift in Sources */,
				BB773B9427A427870062CD34 /* PressButtonProtocols.swift in Sources */,
				BB498CF427A4636300F3009F /* ScheduleColorsTableViewController.swift in Sources */,
				BBA2E9A227AADFEE00ACA2D4 /* AlertOK.swift in Sources */,
				BB773B9627A42B280062CD34 /* ScheduleOptionsTableViewController.swift in Sources */,
				BB1FDCCA27AB221E005A352A /* ContactModel.swift in Sources */,
			);
			runOnlyForDeploymentPostprocessing = 0;
		};
		BB6E73CF279C5B710013CC33 /* Sources */ = {
			isa = PBXSourcesBuildPhase;
			buildActionMask = 2147483647;
			files = (
				BB6E73D8279C5B710013CC33 /* ScheduleTests.swift in Sources */,
			);
			runOnlyForDeploymentPostprocessing = 0;
		};
		BB6E73D9279C5B710013CC33 /* Sources */ = {
			isa = PBXSourcesBuildPhase;
			buildActionMask = 2147483647;
			files = (
				BB6E73E4279C5B710013CC33 /* ScheduleUITestsLaunchTests.swift in Sources */,
				BB6E73E2279C5B710013CC33 /* ScheduleUITests.swift in Sources */,
			);
			runOnlyForDeploymentPostprocessing = 0;
		};
/* End PBXSourcesBuildPhase section */

/* Begin PBXTargetDependency section */
		BB6E73D5279C5B710013CC33 /* PBXTargetDependency */ = {
			isa = PBXTargetDependency;
			target = BB6E73BC279C5B700013CC33 /* Schedule */;
			targetProxy = BB6E73D4279C5B710013CC33 /* PBXContainerItemProxy */;
		};
		BB6E73DF279C5B710013CC33 /* PBXTargetDependency */ = {
			isa = PBXTargetDependency;
			target = BB6E73BC279C5B700013CC33 /* Schedule */;
			targetProxy = BB6E73DE279C5B710013CC33 /* PBXContainerItemProxy */;
		};
/* End PBXTargetDependency section */

/* Begin PBXVariantGroup section */
		BB6E73CB279C5B710013CC33 /* LaunchScreen.storyboard */ = {
			isa = PBXVariantGroup;
			children = (
				BB6E73CC279C5B710013CC33 /* Base */,
			);
			name = LaunchScreen.storyboard;
			sourceTree = "<group>";
		};
/* End PBXVariantGroup section */

/* Begin XCBuildConfiguration section */
		BB6E73E5279C5B710013CC33 /* Debug */ = {
			isa = XCBuildConfiguration;
			buildSettings = {
				ALWAYS_SEARCH_USER_PATHS = NO;
				CLANG_ANALYZER_NONNULL = YES;
				CLANG_ANALYZER_NUMBER_OBJECT_CONVERSION = YES_AGGRESSIVE;
				CLANG_CXX_LANGUAGE_STANDARD = "gnu++17";
				CLANG_CXX_LIBRARY = "libc++";
				CLANG_ENABLE_MODULES = YES;
				CLANG_ENABLE_OBJC_ARC = YES;
				CLANG_ENABLE_OBJC_WEAK = YES;
				CLANG_WARN_BLOCK_CAPTURE_AUTORELEASING = YES;
				CLANG_WARN_BOOL_CONVERSION = YES;
				CLANG_WARN_COMMA = YES;
				CLANG_WARN_CONSTANT_CONVERSION = YES;
				CLANG_WARN_DEPRECATED_OBJC_IMPLEMENTATIONS = YES;
				CLANG_WARN_DIRECT_OBJC_ISA_USAGE = YES_ERROR;
				CLANG_WARN_DOCUMENTATION_COMMENTS = YES;
				CLANG_WARN_EMPTY_BODY = YES;
				CLANG_WARN_ENUM_CONVERSION = YES;
				CLANG_WARN_INFINITE_RECURSION = YES;
				CLANG_WARN_INT_CONVERSION = YES;
				CLANG_WARN_NON_LITERAL_NULL_CONVERSION = YES;
				CLANG_WARN_OBJC_IMPLICIT_RETAIN_SELF = YES;
				CLANG_WARN_OBJC_LITERAL_CONVERSION = YES;
				CLANG_WARN_OBJC_ROOT_CLASS = YES_ERROR;
				CLANG_WARN_QUOTED_INCLUDE_IN_FRAMEWORK_HEADER = YES;
				CLANG_WARN_RANGE_LOOP_ANALYSIS = YES;
				CLANG_WARN_STRICT_PROTOTYPES = YES;
				CLANG_WARN_SUSPICIOUS_MOVE = YES;
				CLANG_WARN_UNGUARDED_AVAILABILITY = YES_AGGRESSIVE;
				CLANG_WARN_UNREACHABLE_CODE = YES;
				CLANG_WARN__DUPLICATE_METHOD_MATCH = YES;
				COPY_PHASE_STRIP = NO;
				DEBUG_INFORMATION_FORMAT = dwarf;
				ENABLE_STRICT_OBJC_MSGSEND = YES;
				ENABLE_TESTABILITY = YES;
				GCC_C_LANGUAGE_STANDARD = gnu11;
				GCC_DYNAMIC_NO_PIC = NO;
				GCC_NO_COMMON_BLOCKS = YES;
				GCC_OPTIMIZATION_LEVEL = 0;
				GCC_PREPROCESSOR_DEFINITIONS = (
					"DEBUG=1",
					"$(inherited)",
				);
				GCC_WARN_64_TO_32_BIT_CONVERSION = YES;
				GCC_WARN_ABOUT_RETURN_TYPE = YES_ERROR;
				GCC_WARN_UNDECLARED_SELECTOR = YES;
				GCC_WARN_UNINITIALIZED_AUTOS = YES_AGGRESSIVE;
				GCC_WARN_UNUSED_FUNCTION = YES;
				GCC_WARN_UNUSED_VARIABLE = YES;
				IPHONEOS_DEPLOYMENT_TARGET = 15.2;
				MTL_ENABLE_DEBUG_INFO = INCLUDE_SOURCE;
				MTL_FAST_MATH = YES;
				ONLY_ACTIVE_ARCH = YES;
				SDKROOT = iphoneos;
				SWIFT_ACTIVE_COMPILATION_CONDITIONS = DEBUG;
				SWIFT_OPTIMIZATION_LEVEL = "-Onone";
			};
			name = Debug;
		};
		BB6E73E6279C5B710013CC33 /* Release */ = {
			isa = XCBuildConfiguration;
			buildSettings = {
				ALWAYS_SEARCH_USER_PATHS = NO;
				CLANG_ANALYZER_NONNULL = YES;
				CLANG_ANALYZER_NUMBER_OBJECT_CONVERSION = YES_AGGRESSIVE;
				CLANG_CXX_LANGUAGE_STANDARD = "gnu++17";
				CLANG_CXX_LIBRARY = "libc++";
				CLANG_ENABLE_MODULES = YES;
				CLANG_ENABLE_OBJC_ARC = YES;
				CLANG_ENABLE_OBJC_WEAK = YES;
				CLANG_WARN_BLOCK_CAPTURE_AUTORELEASING = YES;
				CLANG_WARN_BOOL_CONVERSION = YES;
				CLANG_WARN_COMMA = YES;
				CLANG_WARN_CONSTANT_CONVERSION = YES;
				CLANG_WARN_DEPRECATED_OBJC_IMPLEMENTATIONS = YES;
				CLANG_WARN_DIRECT_OBJC_ISA_USAGE = YES_ERROR;
				CLANG_WARN_DOCUMENTATION_COMMENTS = YES;
				CLANG_WARN_EMPTY_BODY = YES;
				CLANG_WARN_ENUM_CONVERSION = YES;
				CLANG_WARN_INFINITE_RECURSION = YES;
				CLANG_WARN_INT_CONVERSION = YES;
				CLANG_WARN_NON_LITERAL_NULL_CONVERSION = YES;
				CLANG_WARN_OBJC_IMPLICIT_RETAIN_SELF = YES;
				CLANG_WARN_OBJC_LITERAL_CONVERSION = YES;
				CLANG_WARN_OBJC_ROOT_CLASS = YES_ERROR;
				CLANG_WARN_QUOTED_INCLUDE_IN_FRAMEWORK_HEADER = YES;
				CLANG_WARN_RANGE_LOOP_ANALYSIS = YES;
				CLANG_WARN_STRICT_PROTOTYPES = YES;
				CLANG_WARN_SUSPICIOUS_MOVE = YES;
				CLANG_WARN_UNGUARDED_AVAILABILITY = YES_AGGRESSIVE;
				CLANG_WARN_UNREACHABLE_CODE = YES;
				CLANG_WARN__DUPLICATE_METHOD_MATCH = YES;
				COPY_PHASE_STRIP = NO;
				DEBUG_INFORMATION_FORMAT = "dwarf-with-dsym";
				ENABLE_NS_ASSERTIONS = NO;
				ENABLE_STRICT_OBJC_MSGSEND = YES;
				GCC_C_LANGUAGE_STANDARD = gnu11;
				GCC_NO_COMMON_BLOCKS = YES;
				GCC_WARN_64_TO_32_BIT_CONVERSION = YES;
				GCC_WARN_ABOUT_RETURN_TYPE = YES_ERROR;
				GCC_WARN_UNDECLARED_SELECTOR = YES;
				GCC_WARN_UNINITIALIZED_AUTOS = YES_AGGRESSIVE;
				GCC_WARN_UNUSED_FUNCTION = YES;
				GCC_WARN_UNUSED_VARIABLE = YES;
				IPHONEOS_DEPLOYMENT_TARGET = 15.2;
				MTL_ENABLE_DEBUG_INFO = NO;
				MTL_FAST_MATH = YES;
				SDKROOT = iphoneos;
				SWIFT_COMPILATION_MODE = wholemodule;
				SWIFT_OPTIMIZATION_LEVEL = "-O";
				VALIDATE_PRODUCT = YES;
			};
			name = Release;
		};
		BB6E73E8279C5B710013CC33 /* Debug */ = {
			isa = XCBuildConfiguration;
			baseConfigurationReference = 8F643F4BBA23BCC458963D5A /* Pods-Schedule.debug.xcconfig */;
			buildSettings = {
				ASSETCATALOG_COMPILER_APPICON_NAME = AppIcon;
				ASSETCATALOG_COMPILER_GLOBAL_ACCENT_COLOR_NAME = AccentColor;
				CODE_SIGN_STYLE = Automatic;
				CURRENT_PROJECT_VERSION = 1;
				DEVELOPMENT_TEAM = SF69972TN6;
				GENERATE_INFOPLIST_FILE = YES;
				INFOPLIST_FILE = Schedule/Resources/Info.plist;
				INFOPLIST_KEY_UIApplicationSupportsIndirectInputEvents = YES;
				INFOPLIST_KEY_UILaunchStoryboardName = LaunchScreen;
				INFOPLIST_KEY_UISupportedInterfaceOrientations_iPad = "UIInterfaceOrientationPortrait UIInterfaceOrientationPortraitUpsideDown UIInterfaceOrientationLandscapeLeft UIInterfaceOrientationLandscapeRight";
				INFOPLIST_KEY_UISupportedInterfaceOrientations_iPhone = "UIInterfaceOrientationPortrait UIInterfaceOrientationLandscapeLeft UIInterfaceOrientationLandscapeRight";
				LD_RUNPATH_SEARCH_PATHS = (
					"$(inherited)",
					"@executable_path/Frameworks",
				);
				MARKETING_VERSION = 1.0;
				PRODUCT_BUNDLE_IDENTIFIER = com.SmK.Schedule;
				PRODUCT_NAME = "$(TARGET_NAME)";
				SWIFT_EMIT_LOC_STRINGS = YES;
				SWIFT_VERSION = 5.0;
				TARGETED_DEVICE_FAMILY = "1,2";
			};
			name = Debug;
		};
		BB6E73E9279C5B710013CC33 /* Release */ = {
			isa = XCBuildConfiguration;
			baseConfigurationReference = 97F18A7D496EBDC5892DBFEF /* Pods-Schedule.release.xcconfig */;
			buildSettings = {
				ASSETCATALOG_COMPILER_APPICON_NAME = AppIcon;
				ASSETCATALOG_COMPILER_GLOBAL_ACCENT_COLOR_NAME = AccentColor;
				CODE_SIGN_STYLE = Automatic;
				CURRENT_PROJECT_VERSION = 1;
				DEVELOPMENT_TEAM = SF69972TN6;
				GENERATE_INFOPLIST_FILE = YES;
				INFOPLIST_FILE = Schedule/Resources/Info.plist;
				INFOPLIST_KEY_UIApplicationSupportsIndirectInputEvents = YES;
				INFOPLIST_KEY_UILaunchStoryboardName = LaunchScreen;
				INFOPLIST_KEY_UISupportedInterfaceOrientations_iPad = "UIInterfaceOrientationPortrait UIInterfaceOrientationPortraitUpsideDown UIInterfaceOrientationLandscapeLeft UIInterfaceOrientationLandscapeRight";
				INFOPLIST_KEY_UISupportedInterfaceOrientations_iPhone = "UIInterfaceOrientationPortrait UIInterfaceOrientationLandscapeLeft UIInterfaceOrientationLandscapeRight";
				LD_RUNPATH_SEARCH_PATHS = (
					"$(inherited)",
					"@executable_path/Frameworks",
				);
				MARKETING_VERSION = 1.0;
				PRODUCT_BUNDLE_IDENTIFIER = com.SmK.Schedule;
				PRODUCT_NAME = "$(TARGET_NAME)";
				SWIFT_EMIT_LOC_STRINGS = YES;
				SWIFT_VERSION = 5.0;
				TARGETED_DEVICE_FAMILY = "1,2";
			};
			name = Release;
		};
		BB6E73EB279C5B710013CC33 /* Debug */ = {
			isa = XCBuildConfiguration;
			baseConfigurationReference = 6E07E59EEFAA3BC08F1FDE6E /* Pods-ScheduleTests.debug.xcconfig */;
			buildSettings = {
				ALWAYS_EMBED_SWIFT_STANDARD_LIBRARIES = YES;
				BUNDLE_LOADER = "$(TEST_HOST)";
				CODE_SIGN_STYLE = Automatic;
				CURRENT_PROJECT_VERSION = 1;
				DEVELOPMENT_TEAM = SF69972TN6;
				GENERATE_INFOPLIST_FILE = YES;
				IPHONEOS_DEPLOYMENT_TARGET = 15.2;
				MARKETING_VERSION = 1.0;
				PRODUCT_BUNDLE_IDENTIFIER = com.SmK.ScheduleTests;
				PRODUCT_NAME = "$(TARGET_NAME)";
				SWIFT_EMIT_LOC_STRINGS = NO;
				SWIFT_VERSION = 5.0;
				TARGETED_DEVICE_FAMILY = "1,2";
				TEST_HOST = "$(BUILT_PRODUCTS_DIR)/Schedule.app/Schedule";
			};
			name = Debug;
		};
		BB6E73EC279C5B710013CC33 /* Release */ = {
			isa = XCBuildConfiguration;
			baseConfigurationReference = 81162352CB9D44002793BB5F /* Pods-ScheduleTests.release.xcconfig */;
			buildSettings = {
				ALWAYS_EMBED_SWIFT_STANDARD_LIBRARIES = YES;
				BUNDLE_LOADER = "$(TEST_HOST)";
				CODE_SIGN_STYLE = Automatic;
				CURRENT_PROJECT_VERSION = 1;
				DEVELOPMENT_TEAM = SF69972TN6;
				GENERATE_INFOPLIST_FILE = YES;
				IPHONEOS_DEPLOYMENT_TARGET = 15.2;
				MARKETING_VERSION = 1.0;
				PRODUCT_BUNDLE_IDENTIFIER = com.SmK.ScheduleTests;
				PRODUCT_NAME = "$(TARGET_NAME)";
				SWIFT_EMIT_LOC_STRINGS = NO;
				SWIFT_VERSION = 5.0;
				TARGETED_DEVICE_FAMILY = "1,2";
				TEST_HOST = "$(BUILT_PRODUCTS_DIR)/Schedule.app/Schedule";
			};
			name = Release;
		};
		BB6E73EE279C5B710013CC33 /* Debug */ = {
			isa = XCBuildConfiguration;
			baseConfigurationReference = A2B8686F63228B768FFAAAF0 /* Pods-Schedule-ScheduleUITests.debug.xcconfig */;
			buildSettings = {
				ALWAYS_EMBED_SWIFT_STANDARD_LIBRARIES = YES;
				CODE_SIGN_STYLE = Automatic;
				CURRENT_PROJECT_VERSION = 1;
				DEVELOPMENT_TEAM = SF69972TN6;
				GENERATE_INFOPLIST_FILE = YES;
				MARKETING_VERSION = 1.0;
				PRODUCT_BUNDLE_IDENTIFIER = com.SmK.ScheduleUITests;
				PRODUCT_NAME = "$(TARGET_NAME)";
				SWIFT_EMIT_LOC_STRINGS = NO;
				SWIFT_VERSION = 5.0;
				TARGETED_DEVICE_FAMILY = "1,2";
				TEST_TARGET_NAME = Schedule;
			};
			name = Debug;
		};
		BB6E73EF279C5B710013CC33 /* Release */ = {
			isa = XCBuildConfiguration;
			baseConfigurationReference = 7EA33C269EF88A1A45F75075 /* Pods-Schedule-ScheduleUITests.release.xcconfig */;
			buildSettings = {
				ALWAYS_EMBED_SWIFT_STANDARD_LIBRARIES = YES;
				CODE_SIGN_STYLE = Automatic;
				CURRENT_PROJECT_VERSION = 1;
				DEVELOPMENT_TEAM = SF69972TN6;
				GENERATE_INFOPLIST_FILE = YES;
				MARKETING_VERSION = 1.0;
				PRODUCT_BUNDLE_IDENTIFIER = com.SmK.ScheduleUITests;
				PRODUCT_NAME = "$(TARGET_NAME)";
				SWIFT_EMIT_LOC_STRINGS = NO;
				SWIFT_VERSION = 5.0;
				TARGETED_DEVICE_FAMILY = "1,2";
				TEST_TARGET_NAME = Schedule;
			};
			name = Release;
		};
/* End XCBuildConfiguration section */

/* Begin XCConfigurationList section */
		BB6E73B8279C5B700013CC33 /* Build configuration list for PBXProject "Schedule" */ = {
			isa = XCConfigurationList;
			buildConfigurations = (
				BB6E73E5279C5B710013CC33 /* Debug */,
				BB6E73E6279C5B710013CC33 /* Release */,
			);
			defaultConfigurationIsVisible = 0;
			defaultConfigurationName = Release;
		};
		BB6E73E7279C5B710013CC33 /* Build configuration list for PBXNativeTarget "Schedule" */ = {
			isa = XCConfigurationList;
			buildConfigurations = (
				BB6E73E8279C5B710013CC33 /* Debug */,
				BB6E73E9279C5B710013CC33 /* Release */,
			);
			defaultConfigurationIsVisible = 0;
			defaultConfigurationName = Release;
		};
		BB6E73EA279C5B710013CC33 /* Build configuration list for PBXNativeTarget "ScheduleTests" */ = {
			isa = XCConfigurationList;
			buildConfigurations = (
				BB6E73EB279C5B710013CC33 /* Debug */,
				BB6E73EC279C5B710013CC33 /* Release */,
			);
			defaultConfigurationIsVisible = 0;
			defaultConfigurationName = Release;
		};
		BB6E73ED279C5B710013CC33 /* Build configuration list for PBXNativeTarget "ScheduleUITests" */ = {
			isa = XCConfigurationList;
			buildConfigurations = (
				BB6E73EE279C5B710013CC33 /* Debug */,
				BB6E73EF279C5B710013CC33 /* Release */,
			);
			defaultConfigurationIsVisible = 0;
			defaultConfigurationName = Release;
		};
/* End XCConfigurationList section */
	};
	rootObject = BB6E73B5279C5B700013CC33 /* Project object */;
}
